
Microsoft Visual Studio Solution File, Format Version 12.00
# Visual Studio 15
VisualStudioVersion = 15.0.26124.0
MinimumVisualStudioVersion = 15.0.26124.0
Project("{FAE04EC0-301F-11D3-BF4B-00C04F79EFBC}") = "SocketClient", "SocketClient\SocketClient.csproj", "{D737127E-8460-484F-875F-1AA8EB810FCC}"
EndProject
Project("{FAE04EC0-301F-11D3-BF4B-00C04F79EFBC}") = "SocketServer", "SocketServer\SocketServer.csproj", "{0E356E3D-E7DF-4F6A-93F5-5B3A9233C277}"
EndProject
Global
	GlobalSection(SolutionConfigurationPlatforms) = preSolution
		Debug|Any CPU = Debug|Any CPU
		Debug|x64 = Debug|x64
		Debug|x86 = Debug|x86
		Release|Any CPU = Release|Any CPU
		Release|x64 = Release|x64
		Release|x86 = Release|x86
	EndGlobalSection
	GlobalSection(SolutionProperties) = preSolution
		HideSolutionNode = FALSE
	EndGlobalSection
	GlobalSection(ProjectConfigurationPlatforms) = postSolution
		{D737127E-8460-484F-875F-1AA8EB810FCC}.Debug|Any CPU.ActiveCfg = Debug|Any CPU
		{D737127E-8460-484F-875F-1AA8EB810FCC}.Debug|Any CPU.Build.0 = Debug|Any CPU
		{D737127E-8460-484F-875F-1AA8EB810FCC}.Debug|x64.ActiveCfg = Debug|Any CPU
		{D737127E-8460-484F-875F-1AA8EB810FCC}.Debug|x64.Build.0 = Debug|Any CPU
		{D737127E-8460-484F-875F-1AA8EB810FCC}.Debug|x86.ActiveCfg = Debug|Any CPU
		{D737127E-8460-484F-875F-1AA8EB810FCC}.Debug|x86.Build.0 = Debug|Any CPU
		{D737127E-8460-484F-875F-1AA8EB810FCC}.Release|Any CPU.ActiveCfg = Release|Any CPU
		{D737127E-8460-484F-875F-1AA8EB810FCC}.Release|Any CPU.Build.0 = Release|Any CPU
		{D737127E-8460-484F-875F-1AA8EB810FCC}.Release|x64.ActiveCfg = Release|Any CPU
		{D737127E-8460-484F-875F-1AA8EB810FCC}.Release|x64.Build.0 = Release|Any CPU
		{D737127E-8460-484F-875F-1AA8EB810FCC}.Release|x86.ActiveCfg = Release|Any CPU
		{D737127E-8460-484F-875F-1AA8EB810FCC}.Release|x86.Build.0 = Release|Any CPU
		{0E356E3D-E7DF-4F6A-93F5-5B3A9233C277}.Debug|Any CPU.ActiveCfg = Debug|Any CPU
		{0E356E3D-E7DF-4F6A-93F5-5B3A9233C277}.Debug|Any CPU.Build.0 = Debug|Any CPU
		{0E356E3D-E7DF-4F6A-93F5-5B3A9233C277}.Debug|x64.ActiveCfg = Debug|Any CPU
		{0E356E3D-E7DF-4F6A-93F5-5B3A9233C277}.Debug|x64.Build.0 = Debug|Any CPU
		{0E356E3D-E7DF-4F6A-93F5-5B3A9233C277}.Debug|x86.ActiveCfg = Debug|Any CPU
		{0E356E3D-E7DF-4F6A-93F5-5B3A9233C277}.Debug|x86.Build.0 = Debug|Any CPU
		{0E356E3D-E7DF-4F6A-93F5-5B3A9233C277}.Release|Any CPU.ActiveCfg = Release|Any CPU
		{0E356E3D-E7DF-4F6A-93F5-5B3A9233C277}.Release|Any CPU.Build.0 = Release|Any CPU
		{0E356E3D-E7DF-4F6A-93F5-5B3A9233C277}.Release|x64.ActiveCfg = Release|Any CPU
		{0E356E3D-E7DF-4F6A-93F5-5B3A9233C277}.Release|x64.Build.0 = Release|Any CPU
		{0E356E3D-E7DF-4F6A-93F5-5B3A9233C277}.Release|x86.ActiveCfg = Release|Any CPU
		{0E356E3D-E7DF-4F6A-93F5-5B3A9233C277}.Release|x86.Build.0 = Release|Any CPU
	EndGlobalSection
EndGlobal
